
Microsoft Visual Studio Solution File, Format Version 12.00
# Visual Studio Version 17
VisualStudioVersion = 17.9.34526.213
MinimumVisualStudioVersion = 10.0.40219.1
Project("{FAE04EC0-301F-11D3-BF4B-00C04F79EFBC}") = "Colors", "Colors\Colors.csproj", "{CE41622D-B24D-4AEF-98D2-1508491027A3}"
EndProject
Global
	GlobalSection(SolutionConfigurationPlatforms) = preSolution
		Debug|Any CPU = Debug|Any CPU
		Release|Any CPU = Release|Any CPU
	EndGlobalSection
	GlobalSection(ProjectConfigurationPlatforms) = postSolution
		{CE41622D-B24D-4AEF-98D2-1508491027A3}.Debug|Any CPU.ActiveCfg = Debug|Any CPU
		{CE41622D-B24D-4AEF-98D2-1508491027A3}.Debug|Any CPU.Build.0 = Debug|Any CPU
		{CE41622D-B24D-4AEF-98D2-1508491027A3}.Release|Any CPU.ActiveCfg = Release|Any CPU
		{CE41622D-B24D-4AEF-98D2-1508491027A3}.Release|Any CPU.Build.0 = Release|Any CPU
	EndGlobalSection
	GlobalSection(SolutionProperties) = preSolution
		HideSolutionNode = FALSE
	EndGlobalSection
	GlobalSection(ExtensibilityGlobals) = postSolution
		SolutionGuid = {BC8CB630-6661-4345-B1AE-A50A89E292F4}
	EndGlobalSection
EndGlobal
